<?xml version="1.0" encoding="utf-8"?>
<Project ToolsVersion="4.0" xmlns="http://schemas.microsoft.com/developer/msbuild/2003">
  <ItemGroup>
    <Filter Include="Source Files">
      <UniqueIdentifier>{4FC737F1-C7A5-4376-A066-2A32D752A2FF}</UniqueIdentifier>
      <Extensions>cpp;c;cc;cxx;c++;cppm;ixx;def;odl;idl;hpj;bat;asm;asmx</Extensions>
    </Filter>
    <Filter Include="Header Files">
      <UniqueIdentifier>{93995380-89BD-4b04-88EB-625FBE52EBFB}</UniqueIdentifier>
      <Extensions>h;hh;hpp;hxx;h++;hm;inl;inc;ipp;xsd</Extensions>
    </Filter>
    <Filter Include="Resource Files">
      <UniqueIdentifier>{67DA6AB6-F800-4c08-8B7A-83BB121AAD01}</UniqueIdentifier>
      <Extensions>rc;ico;cur;bmp;dlg;rc2;rct;bin;rgs;gif;jpg;jpeg;jpe;resx;tiff;tif;png;wav;mfcribbon-ms</Extensions>
    </Filter>
  </ItemGroup>
  <ItemGroup>
    <ClCompile Include="src\Main.cpp">
      <Filter>Source Files</Filter>
    </ClCompile>
    <ClCompile Include="src\interface\IDiceFactory.hpp">
      <Filter>Source Files</Filter>
    </ClCompile>
    <ClCompile Include="src\interface\IObject.hpp">
      <Filter>Source Files</Filter>
    </ClCompile>
    <ClCompile Include="src\interface\Dice.hpp">
      <Filter>Source Files</Filter>
    </ClCompile>
    <ClCompile Include="src\interface\ICapacity.hpp">
      <Filter>Source Files</Filter>
    </ClCompile>
    <ClCompile Include="include\struct\SCapacityModifiers.hpp">
      <Filter>Source Files</Filter>
    </ClCompile>
    <ClCompile Include="src\class\CapacityAttack.hpp">
      <Filter>Source Files</Filter>
    </ClCompile>
    <ClCompile Include="src\class\PlayerEntityWarrior.hpp">
      <Filter>Source Files</Filter>
    </ClCompile>
    <ClCompile Include="src\interface\ICapacityApplication.hpp">
      <Filter>Source Files</Filter>
    </ClCompile>
    <ClCompile Include="include\enum\EStatus.hpp">
      <Filter>Source Files</Filter>
    </ClCompile>
    <ClCompile Include="include\abs\AEntity.hpp">
      <Filter>Source Files</Filter>
    </ClCompile>
    <ClCompile Include="include\abs\ACapacity.hpp">
      <Filter>Source Files</Filter>
    </ClCompile>
    <ClCompile Include="include\interface\ICapacityAction.hpp">
      <Filter>Source Files</Filter>
    </ClCompile>
    <ClCompile Include="src\capacity\CapacityActionBaseAttack.cpp">
      <Filter>Source Files</Filter>
    </ClCompile>
  </ItemGroup>
  <ItemGroup>
    <ClInclude Include="src\interface\IDiceComposition.hpp">
      <Filter>Header Files</Filter>
    </ClInclude>
    <ClInclude Include="src\interface\IEntity.hpp">
      <Filter>Header Files</Filter>
    </ClInclude>
    <ClInclude Include="include\class\CapacityActionBaseAttack.hpp">
      <Filter>Header Files</Filter>
    </ClInclude>
  </ItemGroup>
</Project>