<?xml version="1.0" encoding="utf-8"?>
<Project ToolsVersion="4.0" xmlns="http://schemas.microsoft.com/developer/msbuild/2003">
  <ItemGroup>
    <Filter Include="Source Files">
      <UniqueIdentifier>{4FC737F1-C7A5-4376-A066-2A32D752A2FF}</UniqueIdentifier>
      <Extensions>cpp;c;cc;cxx;c++;cppm;ixx;def;odl;idl;hpj;bat;asm;asmx</Extensions>
    </Filter>
    <Filter Include="Header Files">
      <UniqueIdentifier>{93995380-89BD-4b04-88EB-625FBE52EBFB}</UniqueIdentifier>
      <Extensions>h;hh;hpp;hxx;h++;hm;inl;inc;ipp;xsd</Extensions>
    </Filter>
    <Filter Include="Resource Files">
      <UniqueIdentifier>{67DA6AB6-F800-4c08-8B7A-83BB121AAD01}</UniqueIdentifier>
      <Extensions>rc;ico;cur;bmp;dlg;rc2;rct;bin;rgs;gif;jpg;jpeg;jpe;resx;tiff;tif;png;wav;mfcribbon-ms</Extensions>
    </Filter>
  </ItemGroup>
  <ItemGroup>
    <ClCompile Include="src\Main.cpp">
      <Filter>Source Files</Filter>
    </ClCompile>
    <ClCompile Include="src\capacity\BaseCapacity.hpp">
      <Filter>Header Files</Filter>
    </ClCompile>
    <ClCompile Include="src\status\EStatus.hpp">
      <Filter>Header Files</Filter>
    </ClCompile>
    <ClCompile Include="src\capacity_action\BaseCapacityAction.hpp">
      <Filter>Header Files</Filter>
    </ClCompile>
    <ClCompile Include="src\capacity_affectation\ICapacityAffectation.hpp">
      <Filter>Header Files</Filter>
    </ClCompile>
    <ClCompile Include="src\capacity_modifiers\CapacityModifiersStruct.hpp">
      <Filter>Header Files</Filter>
    </ClCompile>
    <ClCompile Include="src\dice\DiceCapacity.cpp">
      <Filter>Source Files</Filter>
    </ClCompile>
    <ClCompile Include="src\capacity\CapacityPlayerSingleAttack.hpp">
      <Filter>Header Files</Filter>
    </ClCompile>
    <ClCompile Include="src\entity\BasePlayerEntity.cpp">
      <Filter>Source Files</Filter>
    </ClCompile>
    <ClCompile Include="src\capacity_action\CapacityActionDamage.cpp">
      <Filter>Source Files</Filter>
    </ClCompile>
    <ClCompile Include="src\entity\BaseEntity.cpp">
      <Filter>Source Files</Filter>
    </ClCompile>
    <ClCompile Include="src\capacity_action\CapacityActionAddArmor.cpp">
      <Filter>Source Files</Filter>
    </ClCompile>
    <ClCompile Include="src\capacity_action\CapacityActionHeal.cpp">
      <Filter>Source Files</Filter>
    </ClCompile>
    <ClCompile Include="src\capacity_action\CapacityActionRemoveArmor.cpp">
      <Filter>Source Files</Filter>
    </ClCompile>
  </ItemGroup>
  <ItemGroup>
    <ClInclude Include="src\entity\BaseEntity.hpp">
      <Filter>Header Files</Filter>
    </ClInclude>
    <ClInclude Include="src\entity\BasePlayerEntity.hpp">
      <Filter>Header Files</Filter>
    </ClInclude>
    <ClInclude Include="src\dice\DiceCapacity.hpp">
      <Filter>Header Files</Filter>
    </ClInclude>
    <ClInclude Include="src\dice\ABaseDice.hpp">
      <Filter>Header Files</Filter>
    </ClInclude>
    <ClInclude Include="src\dice\IRollAdvantageDisadvantage.hpp">
      <Filter>Header Files</Filter>
    </ClInclude>
    <ClInclude Include="src\capacity_action\CapacityActionDamage.hpp">
      <Filter>Header Files</Filter>
    </ClInclude>
    <ClInclude Include="src\capacity_action\CapacityActionAddArmor.hpp">
      <Filter>Header Files</Filter>
    </ClInclude>
    <ClInclude Include="src\capacity_action\CapacityActionHeal.hpp">
      <Filter>Header Files</Filter>
    </ClInclude>
    <ClInclude Include="src\capacity\IUseAndResolveCapacity.hpp">
      <Filter>Header Files</Filter>
    </ClInclude>
    <ClInclude Include="src\attribute\Attribute.hpp">
      <Filter>Header Files</Filter>
    </ClInclude>
    <ClInclude Include="src\capacity_action\CapacityActionRemoveArmor.hpp">
      <Filter>Header Files</Filter>
    </ClInclude>
    <ClInclude Include="src\capacity\ECapacity.hpp">
      <Filter>Header Files</Filter>
    </ClInclude>
    <ClInclude Include="src\helper\SRandom.hpp">
      <Filter>Header Files</Filter>
    </ClInclude>
    <ClInclude Include="src\attribute\EAttribute.hpp">
      <Filter>Header Files</Filter>
    </ClInclude>
    <ClInclude Include="src\combat\CapacityTargetsManager.hpp">
      <Filter>Header Files</Filter>
    </ClInclude>
    <ClInclude Include="src\combat\BattleField.hpp">
      <Filter>Header Files</Filter>
    </ClInclude>
    <ClInclude Include="src\group\BaseGroup.hpp">
      <Filter>Header Files</Filter>
    </ClInclude>
    <ClInclude Include="src\group\Team.hpp">
      <Filter>Header Files</Filter>
    </ClInclude>
    <ClInclude Include="src\entity\GeneratePlayerEntity.hpp">
      <Filter>Header Files</Filter>
    </ClInclude>
    <ClInclude Include="src\helper\SCalculate.hpp">
      <Filter>Header Files</Filter>
    </ClInclude>
    <ClInclude Include="src\capacity\CapacityFactory.hpp">
      <Filter>Header Files</Filter>
    </ClInclude>
  </ItemGroup>
  <ItemGroup>
    <None Include="schemas\Dice_Reroll.simp" />
    <None Include="schemas\Dice_Reroll.simp.bak" />
    <None Include="README.md" />
  </ItemGroup>
</Project>